# THIS IS AN AUTOGENERATED FILE. DO NOT EDIT THIS FILE DIRECTLY.
# yarn lockfile v1


"@types/trusted-types@^2.0.7":
  version "2.0.7"
  resolved "https://registry.yarnpkg.com/@types/trusted-types/-/trusted-types-2.0.7.tgz#baccb07a970b91707df3a3e8ba6896c57ead2d11"
  integrity sha512-ScaPdn1dQczgbl0QFTeTOmVHFULt394XJgOQNoyVhZ6r2vLnMLJfBPd53SB52T/3G36VI1/g2MZaX0cwDuXsfw==

baseline-browser-mapping@^2.9.14:
  version "2.10.33"
  resolved "https://registry.yarnpkg.com/baseline-browser-mapping/-/baseline-browser-mapping-2.10.33.tgz#27c299b096404978831958d429f48390424c4f9b"
  integrity sha512-bA6+tcSLpz2tIEdDXZPpPTIuxBcC4+w6SieaYyfigIa4h8GlFxbA17v22Vx3JUtuZQj9SgOsnbK+aTBzyDyEuw==

dompurify@^3.3.0:
  version "3.3.3"
  resolved "https://registry.yarnpkg.com/dompurify/-/dompurify-3.3.3.tgz#680cae8af3e61320ddf3666a3bc843f7b291b2b6"
  integrity sha512-Oj6pzI2+RqBfFG+qOaOLbFXLQ90ARpcGG6UePL82bJLtdsa6CYJD7nmiU8MW9nQNOtCHV3lZ/Bzq1X0QYbBZCA==
  optionalDependencies:
    "@types/trusted-types" "^2.0.7"

fsevents@2.3.2:
  version "2.3.2"
  resolved "https://registry.yarnpkg.com/fsevents/-/fsevents-2.3.2.tgz#8a526f78b8fdf4623b709e0b975c52c24c02fd1a"
  integrity sha512-xiqMQR4xAeHTuB9uWm+fFRcIOgKBMiOBP+eXiyT7jsgVCq1bkVygt00oASowB7EdtpOHaaPgKt812P9ab+DDKA==

playwright-core@1.59.1:
  version "1.59.1"
  resolved "https://registry.yarnpkg.com/playwright-core/-/playwright-core-1.59.1.tgz#d8a2b28bcb8f2bd08ef3df93b02ae83c813244b2"
  integrity sha512-HBV/RJg81z5BiiZ9yPzIiClYV/QMsDCKUyogwH9p3MCP6IYjUFu/MActgYAvK0oWyV9NlwM3GLBjADyWgydVyg==

playwright@^1.57.0:
  version "1.59.1"
  resolved "https://registry.yarnpkg.com/playwright/-/playwright-1.59.1.tgz#f7b0ca61637ae25264cec370df671bbe1f368a4a"
  integrity sha512-C8oWjPR3F81yljW9o5OxcWzfh6avkVwDD2VYdwIGqTkl+OGFISgypqzfu7dOe4QNLL2aqcWBmI3PMtLIK233lw==
  dependencies:
    playwright-core "1.59.1"
  optionalDependencies:
    fsevents "2.3.2"
